
Microsoft Visual Studio Solution File, Format Version 12.00
# Visual Studio Version 17
VisualStudioVersion = 17.8.34408.163
MinimumVisualStudioVersion = 10.0.40219.1
Project("{FAE04EC0-301F-11D3-BF4B-00C04F79EFBC}") = "EVENTING", "EVENTING\EVENTING.csproj", "{113CF95F-0E52-4ADA-8D54-737804ECF18B}"
EndProject
Global
	GlobalSection(SolutionConfigurationPlatforms) = preSolution
		Debug|Any CPU = Debug|Any CPU
		Release|Any CPU = Release|Any CPU
	EndGlobalSection
	GlobalSection(ProjectConfigurationPlatforms) = postSolution
		{113CF95F-0E52-4ADA-8D54-737804ECF18B}.Debug|Any CPU.ActiveCfg = Debug|Any CPU
		{113CF95F-0E52-4ADA-8D54-737804ECF18B}.Debug|Any CPU.Build.0 = Debug|Any CPU
		{113CF95F-0E52-4ADA-8D54-737804ECF18B}.Release|Any CPU.ActiveCfg = Release|Any CPU
		{113CF95F-0E52-4ADA-8D54-737804ECF18B}.Release|Any CPU.Build.0 = Release|Any CPU
	EndGlobalSection
	GlobalSection(SolutionProperties) = preSolution
		HideSolutionNode = FALSE
	EndGlobalSection
	GlobalSection(ExtensibilityGlobals) = postSolution
		SolutionGuid = {9C03B821-0471-45D9-BEEA-08965295BB5B}
	EndGlobalSection
EndGlobal
